
Microsoft Visual Studio Solution File, Format Version 12.00
# Visual Studio Version 16
VisualStudioVersion = 16.0.810.15
MinimumVisualStudioVersion = 10.0.40219.1
Project("{FAE04EC0-301F-11D3-BF4B-00C04F79EFBC}") = "FlashParcsLite", "FlashParcsLite\FlashParcsLite.csproj", "{2008BA17-DBE8-4E88-9851-08B5D1AFF96C}"
EndProject
Project("{FAE04EC0-301F-11D3-BF4B-00C04F79EFBC}") = "FlashParcsLite.Data", "FlashParcsLite.Data\FlashParcsLite.Data.csproj", "{ED696769-7BDF-4EB8-989D-C013A193A1B8}"
EndProject
Global
	GlobalSection(SolutionConfigurationPlatforms) = preSolution
		Debug|Any CPU = Debug|Any CPU
		Release|Any CPU = Release|Any CPU
	EndGlobalSection
	GlobalSection(ProjectConfigurationPlatforms) = postSolution
		{2008BA17-DBE8-4E88-9851-08B5D1AFF96C}.Debug|Any CPU.ActiveCfg = Debug|Any CPU
		{2008BA17-DBE8-4E88-9851-08B5D1AFF96C}.Debug|Any CPU.Build.0 = Debug|Any CPU
		{2008BA17-DBE8-4E88-9851-08B5D1AFF96C}.Release|Any CPU.ActiveCfg = Release|Any CPU
		{2008BA17-DBE8-4E88-9851-08B5D1AFF96C}.Release|Any CPU.Build.0 = Release|Any CPU
		{ED696769-7BDF-4EB8-989D-C013A193A1B8}.Debug|Any CPU.ActiveCfg = Debug|Any CPU
		{ED696769-7BDF-4EB8-989D-C013A193A1B8}.Debug|Any CPU.Build.0 = Debug|Any CPU
		{ED696769-7BDF-4EB8-989D-C013A193A1B8}.Release|Any CPU.ActiveCfg = Release|Any CPU
		{ED696769-7BDF-4EB8-989D-C013A193A1B8}.Release|Any CPU.Build.0 = Release|Any CPU
	EndGlobalSection
	GlobalSection(SolutionProperties) = preSolution
		HideSolutionNode = FALSE
	EndGlobalSection
	GlobalSection(ExtensibilityGlobals) = postSolution
		SolutionGuid = {320E88CB-B9CE-4484-B205-2F134F08FD50}
	EndGlobalSection
EndGlobal
